{
	"name": "fetch-question-set",
	"version": "1.0.0",
	"lockfileVersion": 1,
	"requires": true,
	"dependencies": {
		"simple-lambda-actions": {
			"version": "1.2.58",
			"resolved": "https://registry.npmjs.org/simple-lambda-actions/-/simple-lambda-actions-1.2.58.tgz",
			"integrity": "sha512-rUGoE1mCbXF2v9iICvVgNbVBVY5Z5Tf+q9+Nq64ZvmaxvqFaxK0dzRBrgd8ILI3QNWbIOwS9YmBWSVSMbq2+MQ=="
		}
	}
}
